
Microsoft Visual Studio Solution File, Format Version 12.00
Project("{FAE04EC0-301F-11D3-BF4B-00C04F79EFBC}") = "OpenTKTest", "OpenTKTest\OpenTKTest.csproj", "{AD4BBF10-073A-4BAA-B46F-D4FD95DCF902}"
EndProject
Project("{FAE04EC0-301F-11D3-BF4B-00C04F79EFBC}") = "ImmediateModeOpenTK", "ImmediateModeOpenTK\ImmediateModeOpenTK.csproj", "{20095DB0-43D2-495B-8DB0-5DC4B9CED6D8}"
EndProject
Global
	GlobalSection(SolutionConfigurationPlatforms) = preSolution
		Debug|Any CPU = Debug|Any CPU
		Release|Any CPU = Release|Any CPU
	EndGlobalSection
	GlobalSection(ProjectConfigurationPlatforms) = postSolution
		{AD4BBF10-073A-4BAA-B46F-D4FD95DCF902}.Debug|Any CPU.ActiveCfg = Debug|Any CPU
		{AD4BBF10-073A-4BAA-B46F-D4FD95DCF902}.Debug|Any CPU.Build.0 = Debug|Any CPU
		{AD4BBF10-073A-4BAA-B46F-D4FD95DCF902}.Release|Any CPU.ActiveCfg = Release|Any CPU
		{AD4BBF10-073A-4BAA-B46F-D4FD95DCF902}.Release|Any CPU.Build.0 = Release|Any CPU
		{20095DB0-43D2-495B-8DB0-5DC4B9CED6D8}.Debug|Any CPU.ActiveCfg = Debug|Any CPU
		{20095DB0-43D2-495B-8DB0-5DC4B9CED6D8}.Debug|Any CPU.Build.0 = Debug|Any CPU
		{20095DB0-43D2-495B-8DB0-5DC4B9CED6D8}.Release|Any CPU.ActiveCfg = Release|Any CPU
		{20095DB0-43D2-495B-8DB0-5DC4B9CED6D8}.Release|Any CPU.Build.0 = Release|Any CPU
	EndGlobalSection
EndGlobal
